// !$*UTF8*$!
{
	archiveVersion = 1;
	classes = {
	};
	objectVersion = 50;
	objects = {

/* Begin PBXBuildFile section */
		6C0D219320E0F2A700FBFA86 /* AppDelegate.swift in Sources */ = {isa = PBXBuildFile; fileRef = 6C0D219220E0F2A700FBFA86 /* AppDelegate.swift */; };
		6C0D219520E0F2A700FBFA86 /* ViewController.swift in Sources */ = {isa = PBXBuildFile; fileRef = 6C0D219420E0F2A700FBFA86 /* ViewController.swift */; };
		6C0D219820E0F2A700FBFA86 /* Main.storyboard in Resources */ = {isa = PBXBuildFile; fileRef = 6C0D219620E0F2A700FBFA86 /* Main.storyboard */; };
		6C0D219A20E0F2A800FBFA86 /* Assets.xcassets in Resources */ = {isa = PBXBuildFile; fileRef = 6C0D219920E0F2A800FBFA86 /* Assets.xcassets */; };
		6C0D219D20E0F2A800FBFA86 /* LaunchScreen.storyboard in Resources */ = {isa = PBXBuildFile; fileRef = 6C0D219B20E0F2A800FBFA86 /* LaunchScreen.storyboard */; };
		6C0D21A820E0F2A800FBFA86 /* PastieTests.swift in Sources */ = {isa = PBXBuildFile; fileRef = 6C0D21A720E0F2A800FBFA86 /* PastieTests.swift */; };
		6C0D21B320E0F2A900FBFA86 /* PastieUITests.swift in Sources */ = {isa = PBXBuildFile; fileRef = 6C0D21B220E0F2A900FBFA86 /* PastieUITests.swift */; };
/* End PBXBuildFile section */

/* Begin PBXContainerItemProxy section */
		6C0D21A420E0F2A800FBFA86 /* PBXContainerItemProxy */ = {
			isa = PBXContainerItemProxy;
			containerPortal = 6C0D218720E0F2A600FBFA86 /* Project object */;
			proxyType = 1;
			remoteGlobalIDString = 6C0D218E20E0F2A600FBFA86;
			remoteInfo = Pastie;
		};
		6C0D21AF20E0F2A900FBFA86 /* PBXContainerItemProxy */ = {
			isa = PBXContainerItemProxy;
			containerPortal = 6C0D218720E0F2A600FBFA86 /* Project object */;
			proxyType = 1;
			remoteGlobalIDString = 6C0D218E20E0F2A600FBFA86;
			remoteInfo = Pastie;
		};
/* End PBXContainerItemProxy section */

/* Begin PBXFileReference section */
		6C0D218F20E0F2A700FBFA86 /* Pastie.app */ = {isa = PBXFileReference; explicitFileType = wrapper.application; includeInIndex = 0; path = Pastie.app; sourceTree = BUILT_PRODUCTS_DIR; };
		6C0D219220E0F2A700FBFA86 /* AppDelegate.swift */ = {isa = PBXFileReference; lastKnownFileType = sourcecode.swift; path = AppDelegate.swift; sourceTree = "<group>"; };
		6C0D219420E0F2A700FBFA86 /* ViewController.swift */ = {isa = PBXFileReference; lastKnownFileType = sourcecode.swift; path = ViewController.swift; sourceTree = "<group>"; };
		6C0D219720E0F2A700FBFA86 /* Base */ = {isa = PBXFileReference; lastKnownFileType = file.storyboard; name = Base; path = Base.lproj/Main.storyboard; sourceTree = "<group>"; };
		6C0D219920E0F2A800FBFA86 /* Assets.xcassets */ = {isa = PBXFileReference; lastKnownFileType = folder.assetcatalog; path = Assets.xcassets; sourceTree = "<group>"; };
		6C0D219C20E0F2A800FBFA86 /* Base */ = {isa = PBXFileReference; lastKnownFileType = file.storyboard; name = Base; path = Base.lproj/LaunchScreen.storyboard; sourceTree = "<group>"; };
		6C0D219E20E0F2A800FBFA86 /* Info.plist */ = {isa = PBXFileReference; lastKnownFileType = text.plist.xml; path = Info.plist; sourceTree = "<group>"; };
		6C0D21A320E0F2A800FBFA86 /* PastieTests.xctest */ = {isa = PBXFileReference; explicitFileType = wrapper.cfbundle; includeInIndex = 0; path = PastieTests.xctest; sourceTree = BUILT_PRODUCTS_DIR; };
		6C0D21A720E0F2A800FBFA86 /* PastieTests.swift */ = {isa = PBXFileReference; lastKnownFileType = sourcecode.swift; path = PastieTests.swift; sourceTree = "<group>"; };
		6C0D21A920E0F2A800FBFA86 /* Info.plist */ = {isa = PBXFileReference; lastKnownFileType = text.plist.xml; path = Info.plist; sourceTree = "<group>"; };
		6C0D21AE20E0F2A800FBFA86 /* PastieUITests.xctest */ = {isa = PBXFileReference; explicitFileType = wrapper.cfbundle; includeInIndex = 0; path = PastieUITests.xctest; sourceTree = BUILT_PRODUCTS_DIR; };
		6C0D21B220E0F2A900FBFA86 /* PastieUITests.swift */ = {isa = PBXFileReference; lastKnownFileType = sourcecode.swift; path = PastieUITests.swift; sourceTree = "<group>"; };
		6C0D21B420E0F2A900FBFA86 /* Info.plist */ = {isa = PBXFileReference; lastKnownFileType = text.plist.xml; path = Info.plist; sourceTree = "<group>"; };
/* End PBXFileReference section */

/* Begin PBXFrameworksBuildPhase section */
		6C0D218C20E0F2A600FBFA86 /* Frameworks */ = {
			isa = PBXFrameworksBuildPhase;
			buildActionMask = 2147483647;
			files = (
			);
			runOnlyForDeploymentPostprocessing = 0;
		};
		6C0D21A020E0F2A800FBFA86 /* Frameworks */ = {
			isa = PBXFrameworksBuildPhase;
			buildActionMask = 2147483647;
			files = (
			);
			runOnlyForDeploymentPostprocessing = 0;
		};
		6C0D21AB20E0F2A800FBFA86 /* Frameworks */ = {
			isa = PBXFrameworksBuildPhase;
			buildActionMask = 2147483647;
			files = (
			);
			runOnlyForDeploymentPostprocessing = 0;
		};
/* End PBXFrameworksBuildPhase section */

/* Begin PBXGroup section */
		6C0D218620E0F2A600FBFA86 = {
			isa = PBXGroup;
			children = (
				6C0D219120E0F2A700FBFA86 /* Pastie */,
				6C0D21A620E0F2A800FBFA86 /* PastieTests */,
				6C0D21B120E0F2A900FBFA86 /* PastieUITests */,
				6C0D219020E0F2A700FBFA86 /* Products */,
			);
			sourceTree = "<group>";
		};
		6C0D219020E0F2A700FBFA86 /* Products */ = {
			isa = PBXGroup;
			children = (
				6C0D218F20E0F2A700FBFA86 /* Pastie.app */,
				6C0D21A320E0F2A800FBFA86 /* PastieTests.xctest */,
				6C0D21AE20E0F2A800FBFA86 /* PastieUITests.xctest */,
			);
			name = Products;
			sourceTree = "<group>";
		};
		6C0D219120E0F2A700FBFA86 /* Pastie */ = {
			isa = PBXGroup;
			children = (
				6C0D219220E0F2A700FBFA86 /* AppDelegate.swift */,
				6C0D219420E0F2A700FBFA86 /* ViewController.swift */,
				6C0D219620E0F2A700FBFA86 /* Main.storyboard */,
				6C0D219920E0F2A800FBFA86 /* Assets.xcassets */,
				6C0D219B20E0F2A800FBFA86 /* LaunchScreen.storyboard */,
				6C0D219E20E0F2A800FBFA86 /* Info.plist */,
			);
			path = Pastie;
			sourceTree = "<group>";
		};
		6C0D21A620E0F2A800FBFA86 /* PastieTests */ = {
			isa = PBXGroup;
			children = (
				6C0D21A720E0F2A800FBFA86 /* PastieTests.swift */,
				6C0D21A920E0F2A800FBFA86 /* Info.plist */,
			);
			path = PastieTests;
			sourceTree = "<group>";
		};
		6C0D21B120E0F2A900FBFA86 /* PastieUITests */ = {
			isa = PBXGroup;
			children = (
				6C0D21B220E0F2A900FBFA86 /* PastieUITests.swift */,
				6C0D21B420E0F2A900FBFA86 /* Info.plist */,
			);
			path = PastieUITests;
			sourceTree = "<group>";
		};
/* End PBXGroup section */

/* Begin PBXNativeTarget section */
		6C0D218E20E0F2A600FBFA86 /* Pastie */ = {
			isa = PBXNativeTarget;
			buildConfigurationList = 6C0D21B720E0F2A900FBFA86 /* Build configuration list for PBXNativeTarget "Pastie" */;
			buildPhases = (
				6C0D218B20E0F2A600FBFA86 /* Sources */,
				6C0D218C20E0F2A600FBFA86 /* Frameworks */,
				6C0D218D20E0F2A600FBFA86 /* Resources */,
			);
			buildRules = (
			);
			dependencies = (
			);
			name = Pastie;
			productName = Pastie;
			productReference = 6C0D218F20E0F2A700FBFA86 /* Pastie.app */;
			productType = "com.apple.product-type.application";
		};
		6C0D21A220E0F2A800FBFA86 /* PastieTests */ = {
			isa = PBXNativeTarget;
			buildConfigurationList = 6C0D21BA20E0F2A900FBFA86 /* Build configuration list for PBXNativeTarget "PastieTests" */;
			buildPhases = (
				6C0D219F20E0F2A800FBFA86 /* Sources */,
				6C0D21A020E0F2A800FBFA86 /* Frameworks */,
				6C0D21A120E0F2A800FBFA86 /* Resources */,
			);
			buildRules = (
			);
			dependencies = (
				6C0D21A520E0F2A800FBFA86 /* PBXTargetDependency */,
			);
			name = PastieTests;
			productName = PastieTests;
			productReference = 6C0D21A320E0F2A800FBFA86 /* PastieTests.xctest */;
			productType = "com.apple.product-type.bundle.unit-test";
		};
		6C0D21AD20E0F2A800FBFA86 /* PastieUITests */ = {
			isa = PBXNativeTarget;
			buildConfigurationList = 6C0D21BD20E0F2A900FBFA86 /* Build configuration list for PBXNativeTarget "PastieUITests" */;
			buildPhases = (
				6C0D21AA20E0F2A800FBFA86 /* Sources */,
				6C0D21AB20E0F2A800FBFA86 /* Frameworks */,
				6C0D21AC20E0F2A800FBFA86 /* Resources */,
			);
			buildRules = (
			);
			dependencies = (
				6C0D21B020E0F2A900FBFA86 /* PBXTargetDependency */,
			);
			name = PastieUITests;
			productName = PastieUITests;
			productReference = 6C0D21AE20E0F2A800FBFA86 /* PastieUITests.xctest */;
			productType = "com.apple.product-type.bundle.ui-testing";
		};
/* End PBXNativeTarget section */

/* Begin PBXProject section */
		6C0D218720E0F2A600FBFA86 /* Project object */ = {
			isa = PBXProject;
			attributes = {
				LastSwiftUpdateCheck = 0940;
				LastUpgradeCheck = 0940;
				ORGANIZATIONNAME = "Elaborapp Co., Ltd.";
				TargetAttributes = {
					6C0D218E20E0F2A600FBFA86 = {
						CreatedOnToolsVersion = 9.4.1;
					};
					6C0D21A220E0F2A800FBFA86 = {
						CreatedOnToolsVersion = 9.4.1;
						TestTargetID = 6C0D218E20E0F2A600FBFA86;
					};
					6C0D21AD20E0F2A800FBFA86 = {
						CreatedOnToolsVersion = 9.4.1;
						TestTargetID = 6C0D218E20E0F2A600FBFA86;
					};
				};
			};
			buildConfigurationList = 6C0D218A20E0F2A600FBFA86 /* Build configuration list for PBXProject "Pastie" */;
			compatibilityVersion = "Xcode 9.3";
			developmentRegion = en;
			hasScannedForEncodings = 0;
			knownRegions = (
				en,
				Base,
			);
			mainGroup = 6C0D218620E0F2A600FBFA86;
			productRefGroup = 6C0D219020E0F2A700FBFA86 /* Products */;
			projectDirPath = "";
			projectRoot = "";
			targets = (
				6C0D218E20E0F2A600FBFA86 /* Pastie */,
				6C0D21A220E0F2A800FBFA86 /* PastieTests */,
				6C0D21AD20E0F2A800FBFA86 /* PastieUITests */,
			);
		};
/* End PBXProject section */

/* Begin PBXResourcesBuildPhase section */
		6C0D218D20E0F2A600FBFA86 /* Resources */ = {
			isa = PBXResourcesBuildPhase;
			buildActionMask = 2147483647;
			files = (
				6C0D219D20E0F2A800FBFA86 /* LaunchScreen.storyboard in Resources */,
				6C0D219A20E0F2A800FBFA86 /* Assets.xcassets in Resources */,
				6C0D219820E0F2A700FBFA86 /* Main.storyboard in Resources */,
			);
			runOnlyForDeploymentPostprocessing = 0;
		};
		6C0D21A120E0F2A800FBFA86 /* Resources */ = {
			isa = PBXResourcesBuildPhase;
			buildActionMask = 2147483647;
			files = (
			);
			runOnlyForDeploymentPostprocessing = 0;
		};
		6C0D21AC20E0F2A800FBFA86 /* Resources */ = {
			isa = PBXResourcesBuildPhase;
			buildActionMask = 2147483647;
			files = (
			);
			runOnlyForDeploymentPostprocessing = 0;
		};
/* End PBXResourcesBuildPhase section */

/* Begin PBXSourcesBuildPhase section */
		6C0D218B20E0F2A600FBFA86 /* Sources */ = {
			isa = PBXSourcesBuildPhase;
			buildActionMask = 2147483647;
			files = (
				6C0D219520E0F2A700FBFA86 /* ViewController.swift in Sources */,
				6C0D219320E0F2A700FBFA86 /* AppDelegate.swift in Sources */,
			);
			runOnlyForDeploymentPostprocessing = 0;
		};
		6C0D219F20E0F2A800FBFA86 /* Sources */ = {
			isa = PBXSourcesBuildPhase;
			buildActionMask = 2147483647;
			files = (
				6C0D21A820E0F2A800FBFA86 /* PastieTests.swift in Sources */,
			);
			runOnlyForDeploymentPostprocessing = 0;
		};
		6C0D21AA20E0F2A800FBFA86 /* Sources */ = {
			isa = PBXSourcesBuildPhase;
			buildActionMask = 2147483647;
			files = (
				6C0D21B320E0F2A900FBFA86 /* PastieUITests.swift in Sources */,
			);
			runOnlyForDeploymentPostprocessing = 0;
		};
/* End PBXSourcesBuildPhase section */

/* Begin PBXTargetDependency section */
		6C0D21A520E0F2A800FBFA86 /* PBXTargetDependency */ = {
			isa = PBXTargetDependency;
			target = 6C0D218E20E0F2A600FBFA86 /* Pastie */;
			targetProxy = 6C0D21A420E0F2A800FBFA86 /* PBXContainerItemProxy */;
		};
		6C0D21B020E0F2A900FBFA86 /* PBXTargetDependency */ = {
			isa = PBXTargetDependency;
			target = 6C0D218E20E0F2A600FBFA86 /* Pastie */;
			targetProxy = 6C0D21AF20E0F2A900FBFA86 /* PBXContainerItemProxy */;
		};
/* End PBXTargetDependency section */

/* Begin PBXVariantGroup section */
		6C0D219620E0F2A700FBFA86 /* Main.storyboard */ = {
			isa = PBXVariantGroup;
			children = (
				6C0D219720E0F2A700FBFA86 /* Base */,
			);
			name = Main.storyboard;
			sourceTree = "<group>";
		};
		6C0D219B20E0F2A800FBFA86 /* LaunchScreen.storyboard */ = {
			isa = PBXVariantGroup;
			children = (
				6C0D219C20E0F2A800FBFA86 /* Base */,
			);
			name = LaunchScreen.storyboard;
			sourceTree = "<group>";
		};
/* End PBXVariantGroup section */

/* Begin XCBuildConfiguration section */
		6C0D21B520E0F2A900FBFA86 /* Debug */ = {
			isa = XCBuildConfiguration;
			buildSettings = {
				ALWAYS_SEARCH_USER_PATHS = NO;
				CLANG_ANALYZER_NONNULL = YES;
				CLANG_ANALYZER_NUMBER_OBJECT_CONVERSION = YES_AGGRESSIVE;
				CLANG_CXX_LANGUAGE_STANDARD = "gnu++14";
				CLANG_CXX_LIBRARY = "libc++";
				CLANG_ENABLE_MODULES = YES;
				CLANG_ENABLE_OBJC_ARC = YES;
				CLANG_ENABLE_OBJC_WEAK = YES;
				CLANG_WARN_BLOCK_CAPTURE_AUTORELEASING = YES;
				CLANG_WARN_BOOL_CONVERSION = YES;
				CLANG_WARN_COMMA = YES;
				CLANG_WARN_CONSTANT_CONVERSION = YES;
				CLANG_WARN_DEPRECATED_OBJC_IMPLEMENTATIONS = YES;
				CLANG_WARN_DIRECT_OBJC_ISA_USAGE = YES_ERROR;
				CLANG_WARN_DOCUMENTATION_COMMENTS = YES;
				CLANG_WARN_EMPTY_BODY = YES;
				CLANG_WARN_ENUM_CONVERSION = YES;
				CLANG_WARN_INFINITE_RECURSION = YES;
				CLANG_WARN_INT_CONVERSION = YES;
				CLANG_WARN_NON_LITERAL_NULL_CONVERSION = YES;
				CLANG_WARN_OBJC_IMPLICIT_RETAIN_SELF = YES;
				CLANG_WARN_OBJC_LITERAL_CONVERSION = YES;
				CLANG_WARN_OBJC_ROOT_CLASS = YES_ERROR;
				CLANG_WARN_RANGE_LOOP_ANALYSIS = YES;
				CLANG_WARN_STRICT_PROTOTYPES = YES;
				CLANG_WARN_SUSPICIOUS_MOVE = YES;
				CLANG_WARN_UNGUARDED_AVAILABILITY = YES_AGGRESSIVE;
				CLANG_WARN_UNREACHABLE_CODE = YES;
				CLANG_WARN__DUPLICATE_METHOD_MATCH = YES;
				CODE_SIGN_IDENTITY = "iPhone Developer";
				COPY_PHASE_STRIP = NO;
				DEBUG_INFORMATION_FORMAT = dwarf;
				ENABLE_STRICT_OBJC_MSGSEND = YES;
				ENABLE_TESTABILITY = YES;
				GCC_C_LANGUAGE_STANDARD = gnu11;
				GCC_DYNAMIC_NO_PIC = NO;
				GCC_NO_COMMON_BLOCKS = YES;
				GCC_OPTIMIZATION_LEVEL = 0;
				GCC_PREPROCESSOR_DEFINITIONS = (
					"DEBUG=1",
					"$(inherited)",
				);
				GCC_WARN_64_TO_32_BIT_CONVERSION = YES;
				GCC_WARN_ABOUT_RETURN_TYPE = YES_ERROR;
				GCC_WARN_UNDECLARED_SELECTOR = YES;
				GCC_WARN_UNINITIALIZED_AUTOS = YES_AGGRESSIVE;
				GCC_WARN_UNUSED_FUNCTION = YES;
				GCC_WARN_UNUSED_VARIABLE = YES;
				IPHONEOS_DEPLOYMENT_TARGET = 11.4;
				MTL_ENABLE_DEBUG_INFO = YES;
				ONLY_ACTIVE_ARCH = YES;
				SDKROOT = iphoneos;
				SWIFT_ACTIVE_COMPILATION_CONDITIONS = DEBUG;
				SWIFT_OPTIMIZATION_LEVEL = "-Onone";
			};
			name = Debug;
		};
		6C0D21B620E0F2A900FBFA86 /* Release */ = {
			isa = XCBuildConfiguration;
			buildSettings = {
				ALWAYS_SEARCH_USER_PATHS = NO;
				CLANG_ANALYZER_NONNULL = YES;
				CLANG_ANALYZER_NUMBER_OBJECT_CONVERSION = YES_AGGRESSIVE;
				CLANG_CXX_LANGUAGE_STANDARD = "gnu++14";
				CLANG_CXX_LIBRARY = "libc++";
				CLANG_ENABLE_MODULES = YES;
				CLANG_ENABLE_OBJC_ARC = YES;
				CLANG_ENABLE_OBJC_WEAK = YES;
				CLANG_WARN_BLOCK_CAPTURE_AUTORELEASING = YES;
				CLANG_WARN_BOOL_CONVERSION = YES;
				CLANG_WARN_COMMA = YES;
				CLANG_WARN_CONSTANT_CONVERSION = YES;
				CLANG_WARN_DEPRECATED_OBJC_IMPLEMENTATIONS = YES;
				CLANG_WARN_DIRECT_OBJC_ISA_USAGE = YES_ERROR;
				CLANG_WARN_DOCUMENTATION_COMMENTS = YES;
				CLANG_WARN_EMPTY_BODY = YES;
				CLANG_WARN_ENUM_CONVERSION = YES;
				CLANG_WARN_INFINITE_RECURSION = YES;
				CLANG_WARN_INT_CONVERSION = YES;
				CLANG_WARN_NON_LITERAL_NULL_CONVERSION = YES;
				CLANG_WARN_OBJC_IMPLICIT_RETAIN_SELF = YES;
				CLANG_WARN_OBJC_LITERAL_CONVERSION = YES;
				CLANG_WARN_OBJC_ROOT_CLASS = YES_ERROR;
				CLANG_WARN_RANGE_LOOP_ANALYSIS = YES;
				CLANG_WARN_STRICT_PROTOTYPES = YES;
				CLANG_WARN_SUSPICIOUS_MOVE = YES;
				CLANG_WARN_UNGUARDED_AVAILABILITY = YES_AGGRESSIVE;
				CLANG_WARN_UNREACHABLE_CODE = YES;
				CLANG_WARN__DUPLICATE_METHOD_MATCH = YES;
				CODE_SIGN_IDENTITY = "iPhone Developer";
				COPY_PHASE_STRIP = NO;
				DEBUG_INFORMATION_FORMAT = "dwarf-with-dsym";
				ENABLE_NS_ASSERTIONS = NO;
				ENABLE_STRICT_OBJC_MSGSEND = YES;
				GCC_C_LANGUAGE_STANDARD = gnu11;
				GCC_NO_COMMON_BLOCKS = YES;
				GCC_WARN_64_TO_32_BIT_CONVERSION = YES;
				GCC_WARN_ABOUT_RETURN_TYPE = YES_ERROR;
				GCC_WARN_UNDECLARED_SELECTOR = YES;
				GCC_WARN_UNINITIALIZED_AUTOS = YES_AGGRESSIVE;
				GCC_WARN_UNUSED_FUNCTION = YES;
				GCC_WARN_UNUSED_VARIABLE = YES;
				IPHONEOS_DEPLOYMENT_TARGET = 11.4;
				MTL_ENABLE_DEBUG_INFO = NO;
				SDKROOT = iphoneos;
				SWIFT_COMPILATION_MODE = wholemodule;
				SWIFT_OPTIMIZATION_LEVEL = "-O";
				VALIDATE_PRODUCT = YES;
			};
			name = Release;
		};
		6C0D21B820E0F2A900FBFA86 /* Debug */ = {
			isa = XCBuildConfiguration;
			buildSettings = {
				ASSETCATALOG_COMPILER_APPICON_NAME = AppIcon;
				CODE_SIGN_STYLE = Automatic;
				DEVELOPMENT_TEAM = SE9N6X5V7C;
				INFOPLIST_FILE = Pastie/Info.plist;
				LD_RUNPATH_SEARCH_PATHS = (
					"$(inherited)",
					"@executable_path/Frameworks",
				);
				PRODUCT_BUNDLE_IDENTIFIER = com.elaborapp.Pastie;
				PRODUCT_NAME = "$(TARGET_NAME)";
				SWIFT_VERSION = 4.0;
				TARGETED_DEVICE_FAMILY = "1,2";
			};
			name = Debug;
		};
		6C0D21B920E0F2A900FBFA86 /* Release */ = {
			isa = XCBuildConfiguration;
			buildSettings = {
				ASSETCATALOG_COMPILER_APPICON_NAME = AppIcon;
				CODE_SIGN_STYLE = Automatic;
				DEVELOPMENT_TEAM = SE9N6X5V7C;
				INFOPLIST_FILE = Pastie/Info.plist;
				LD_RUNPATH_SEARCH_PATHS = (
					"$(inherited)",
					"@executable_path/Frameworks",
				);
				PRODUCT_BUNDLE_IDENTIFIER = com.elaborapp.Pastie;
				PRODUCT_NAME = "$(TARGET_NAME)";
				SWIFT_VERSION = 4.0;
				TARGETED_DEVICE_FAMILY = "1,2";
			};
			name = Release;
		};
		6C0D21BB20E0F2A900FBFA86 /* Debug */ = {
			isa = XCBuildConfiguration;
			buildSettings = {
				ALWAYS_EMBED_SWIFT_STANDARD_LIBRARIES = YES;
				BUNDLE_LOADER = "$(TEST_HOST)";
				CODE_SIGN_STYLE = Automatic;
				DEVELOPMENT_TEAM = SE9N6X5V7C;
				INFOPLIST_FILE = PastieTests/Info.plist;
				LD_RUNPATH_SEARCH_PATHS = (
					"$(inherited)",
					"@executable_path/Frameworks",
					"@loader_path/Frameworks",
				);
				PRODUCT_BUNDLE_IDENTIFIER = com.elaborapp.PastieTests;
				PRODUCT_NAME = "$(TARGET_NAME)";
				SWIFT_VERSION = 4.0;
				TARGETED_DEVICE_FAMILY = "1,2";
				TEST_HOST = "$(BUILT_PRODUCTS_DIR)/Pastie.app/Pastie";
			};
			name = Debug;
		};
		6C0D21BC20E0F2A900FBFA86 /* Release */ = {
			isa = XCBuildConfiguration;
			buildSettings = {
				ALWAYS_EMBED_SWIFT_STANDARD_LIBRARIES = YES;
				BUNDLE_LOADER = "$(TEST_HOST)";
				CODE_SIGN_STYLE = Automatic;
				DEVELOPMENT_TEAM = SE9N6X5V7C;
				INFOPLIST_FILE = PastieTests/Info.plist;
				LD_RUNPATH_SEARCH_PATHS = (
					"$(inherited)",
					"@executable_path/Frameworks",
					"@loader_path/Frameworks",
				);
				PRODUCT_BUNDLE_IDENTIFIER = com.elaborapp.PastieTests;
				PRODUCT_NAME = "$(TARGET_NAME)";
				SWIFT_VERSION = 4.0;
				TARGETED_DEVICE_FAMILY = "1,2";
				TEST_HOST = "$(BUILT_PRODUCTS_DIR)/Pastie.app/Pastie";
			};
			name = Release;
		};
		6C0D21BE20E0F2A900FBFA86 /* Debug */ = {
			isa = XCBuildConfiguration;
			buildSettings = {
				ALWAYS_EMBED_SWIFT_STANDARD_LIBRARIES = YES;
				CODE_SIGN_STYLE = Automatic;
				DEVELOPMENT_TEAM = SE9N6X5V7C;
				INFOPLIST_FILE = PastieUITests/Info.plist;
				LD_RUNPATH_SEARCH_PATHS = (
					"$(inherited)",
					"@executable_path/Frameworks",
					"@loader_path/Frameworks",
				);
				PRODUCT_BUNDLE_IDENTIFIER = com.elaborapp.PastieUITests;
				PRODUCT_NAME = "$(TARGET_NAME)";
				SWIFT_VERSION = 4.0;
				TARGETED_DEVICE_FAMILY = "1,2";
				TEST_TARGET_NAME = Pastie;
			};
			name = Debug;
		};
		6C0D21BF20E0F2A900FBFA86 /* Release */ = {
			isa = XCBuildConfiguration;
			buildSettings = {
				ALWAYS_EMBED_SWIFT_STANDARD_LIBRARIES = YES;
				CODE_SIGN_STYLE = Automatic;
				DEVELOPMENT_TEAM = SE9N6X5V7C;
				INFOPLIST_FILE = PastieUITests/Info.plist;
				LD_RUNPATH_SEARCH_PATHS = (
					"$(inherited)",
					"@executable_path/Frameworks",
					"@loader_path/Frameworks",
				);
				PRODUCT_BUNDLE_IDENTIFIER = com.elaborapp.PastieUITests;
				PRODUCT_NAME = "$(TARGET_NAME)";
				SWIFT_VERSION = 4.0;
				TARGETED_DEVICE_FAMILY = "1,2";
				TEST_TARGET_NAME = Pastie;
			};
			name = Release;
		};
/* End XCBuildConfiguration section */

/* Begin XCConfigurationList section */
		6C0D218A20E0F2A600FBFA86 /* Build configuration list for PBXProject "Pastie" */ = {
			isa = XCConfigurationList;
			buildConfigurations = (
				6C0D21B520E0F2A900FBFA86 /* Debug */,
				6C0D21B620E0F2A900FBFA86 /* Release */,
			);
			defaultConfigurationIsVisible = 0;
			defaultConfigurationName = Release;
		};
		6C0D21B720E0F2A900FBFA86 /* Build configuration list for PBXNativeTarget "Pastie" */ = {
			isa = XCConfigurationList;
			buildConfigurations = (
				6C0D21B820E0F2A900FBFA86 /* Debug */,
				6C0D21B920E0F2A900FBFA86 /* Release */,
			);
			defaultConfigurationIsVisible = 0;
			defaultConfigurationName = Release;
		};
		6C0D21BA20E0F2A900FBFA86 /* Build configuration list for PBXNativeTarget "PastieTests" */ = {
			isa = XCConfigurationList;
			buildConfigurations = (
				6C0D21BB20E0F2A900FBFA86 /* Debug */,
				6C0D21BC20E0F2A900FBFA86 /* Release */,
			);
			defaultConfigurationIsVisible = 0;
			defaultConfigurationName = Release;
		};
		6C0D21BD20E0F2A900FBFA86 /* Build configuration list for PBXNativeTarget "PastieUITests" */ = {
			isa = XCConfigurationList;
			buildConfigurations = (
				6C0D21BE20E0F2A900FBFA86 /* Debug */,
				6C0D21BF20E0F2A900FBFA86 /* Release */,
			);
			defaultConfigurationIsVisible = 0;
			defaultConfigurationName = Release;
		};
/* End XCConfigurationList section */
	};
	rootObject = 6C0D218720E0F2A600FBFA86 /* Project object */;
}
